
Microsoft Visual Studio Solution File, Format Version 12.00
# Visual Studio Version 16
VisualStudioVersion = 16.0.30523.141
MinimumVisualStudioVersion = 10.0.40219.1
Project("{FAE04EC0-301F-11D3-BF4B-00C04F79EFBC}") = "RobotsVsDinosaurs", "RobotsVsDinosaurs\RobotsVsDinosaurs.csproj", "{B23B648B-8C3F-478D-B43E-3808306E3A2E}"
EndProject
Global
	GlobalSection(SolutionConfigurationPlatforms) = preSolution
		Debug|Any CPU = Debug|Any CPU
		Release|Any CPU = Release|Any CPU
	EndGlobalSection
	GlobalSection(ProjectConfigurationPlatforms) = postSolution
		{B23B648B-8C3F-478D-B43E-3808306E3A2E}.Debug|Any CPU.ActiveCfg = Debug|Any CPU
		{B23B648B-8C3F-478D-B43E-3808306E3A2E}.Debug|Any CPU.Build.0 = Debug|Any CPU
		{B23B648B-8C3F-478D-B43E-3808306E3A2E}.Release|Any CPU.ActiveCfg = Release|Any CPU
		{B23B648B-8C3F-478D-B43E-3808306E3A2E}.Release|Any CPU.Build.0 = Release|Any CPU
	EndGlobalSection
	GlobalSection(SolutionProperties) = preSolution
		HideSolutionNode = FALSE
	EndGlobalSection
	GlobalSection(ExtensibilityGlobals) = postSolution
		SolutionGuid = {E7656A4D-509F-47D3-98A8-8A854C7B6BE6}
	EndGlobalSection
EndGlobal
